// !$*UTF8*$!
{
	archiveVersion = 1;
	classes = {
	};
	objectVersion = 50;
	objects = {

/* Begin PBXBuildFile section */
		F8A3F25C20978DC3001DC708 /* AppDelegate.swift in Sources */ = {isa = PBXBuildFile; fileRef = F8A3F25B20978DC3001DC708 /* AppDelegate.swift */; };
		F8A3F25E20978DC3001DC708 /* CommentsViewController.swift in Sources */ = {isa = PBXBuildFile; fileRef = F8A3F25D20978DC3001DC708 /* CommentsViewController.swift */; };
		F8A3F26120978DC3001DC708 /* Comments.storyboard in Resources */ = {isa = PBXBuildFile; fileRef = F8A3F25F20978DC3001DC708 /* Comments.storyboard */; };
		F8A3F26320978DC6001DC708 /* Assets.xcassets in Resources */ = {isa = PBXBuildFile; fileRef = F8A3F26220978DC6001DC708 /* Assets.xcassets */; };
		F8A3F26620978DC6001DC708 /* LaunchScreen.storyboard in Resources */ = {isa = PBXBuildFile; fileRef = F8A3F26420978DC6001DC708 /* LaunchScreen.storyboard */; };
		F8A3F27720979192001DC708 /* CommentCell.swift in Sources */ = {isa = PBXBuildFile; fileRef = F8A3F27620979192001DC708 /* CommentCell.swift */; };
		F8A3F27920979288001DC708 /* Comment.swift in Sources */ = {isa = PBXBuildFile; fileRef = F8A3F27820979288001DC708 /* Comment.swift */; };
		F8A3F27C20979491001DC708 /* NetworkService.swift in Sources */ = {isa = PBXBuildFile; fileRef = F8A3F27B20979491001DC708 /* NetworkService.swift */; };
		F8A3F27F2097975C001DC708 /* CommentNetworkService.swift in Sources */ = {isa = PBXBuildFile; fileRef = F8A3F27E2097975C001DC708 /* CommentNetworkService.swift */; };
		F8A3F2812097986F001DC708 /* GetCommentResponse.swift in Sources */ = {isa = PBXBuildFile; fileRef = F8A3F2802097986F001DC708 /* GetCommentResponse.swift */; };
/* End PBXBuildFile section */

/* Begin PBXFileReference section */
		F8A3F25820978DC3001DC708 /* MVC-N.app */ = {isa = PBXFileReference; explicitFileType = wrapper.application; includeInIndex = 0; path = "MVC-N.app"; sourceTree = BUILT_PRODUCTS_DIR; };
		F8A3F25B20978DC3001DC708 /* AppDelegate.swift */ = {isa = PBXFileReference; lastKnownFileType = sourcecode.swift; path = AppDelegate.swift; sourceTree = "<group>"; };
		F8A3F25D20978DC3001DC708 /* CommentsViewController.swift */ = {isa = PBXFileReference; lastKnownFileType = sourcecode.swift; path = CommentsViewController.swift; sourceTree = "<group>"; };
		F8A3F26020978DC3001DC708 /* Base */ = {isa = PBXFileReference; lastKnownFileType = file.storyboard; name = Base; path = Base.lproj/Comments.storyboard; sourceTree = "<group>"; };
		F8A3F26220978DC6001DC708 /* Assets.xcassets */ = {isa = PBXFileReference; lastKnownFileType = folder.assetcatalog; path = Assets.xcassets; sourceTree = "<group>"; };
		F8A3F26520978DC6001DC708 /* Base */ = {isa = PBXFileReference; lastKnownFileType = file.storyboard; name = Base; path = Base.lproj/LaunchScreen.storyboard; sourceTree = "<group>"; };
		F8A3F26720978DC6001DC708 /* Info.plist */ = {isa = PBXFileReference; lastKnownFileType = text.plist.xml; path = Info.plist; sourceTree = "<group>"; };
		F8A3F27620979192001DC708 /* CommentCell.swift */ = {isa = PBXFileReference; lastKnownFileType = sourcecode.swift; path = CommentCell.swift; sourceTree = "<group>"; };
		F8A3F27820979288001DC708 /* Comment.swift */ = {isa = PBXFileReference; lastKnownFileType = sourcecode.swift; path = Comment.swift; sourceTree = "<group>"; };
		F8A3F27B20979491001DC708 /* NetworkService.swift */ = {isa = PBXFileReference; lastKnownFileType = sourcecode.swift; path = NetworkService.swift; sourceTree = "<group>"; };
		F8A3F27E2097975C001DC708 /* CommentNetworkService.swift */ = {isa = PBXFileReference; lastKnownFileType = sourcecode.swift; path = CommentNetworkService.swift; sourceTree = "<group>"; };
		F8A3F2802097986F001DC708 /* GetCommentResponse.swift */ = {isa = PBXFileReference; lastKnownFileType = sourcecode.swift; path = GetCommentResponse.swift; sourceTree = "<group>"; };
/* End PBXFileReference section */

/* Begin PBXFrameworksBuildPhase section */
		F8A3F25520978DC3001DC708 /* Frameworks */ = {
			isa = PBXFrameworksBuildPhase;
			buildActionMask = 2147483647;
			files = (
			);
			runOnlyForDeploymentPostprocessing = 0;
		};
/* End PBXFrameworksBuildPhase section */

/* Begin PBXGroup section */
		F8A3F24F20978DC3001DC708 = {
			isa = PBXGroup;
			children = (
				F8A3F25A20978DC3001DC708 /* MVC-N */,
				F8A3F25920978DC3001DC708 /* Products */,
			);
			sourceTree = "<group>";
		};
		F8A3F25920978DC3001DC708 /* Products */ = {
			isa = PBXGroup;
			children = (
				F8A3F25820978DC3001DC708 /* MVC-N.app */,
			);
			name = Products;
			sourceTree = "<group>";
		};
		F8A3F25A20978DC3001DC708 /* MVC-N */ = {
			isa = PBXGroup;
			children = (
				F8A3F27020978E40001DC708 /* Application */,
				F8A3F27120978E68001DC708 /* Comments */,
				F8A3F27520978EAE001DC708 /* Supporting files */,
			);
			path = "MVC-N";
			sourceTree = "<group>";
		};
		F8A3F26D20978DF2001DC708 /* Model */ = {
			isa = PBXGroup;
			children = (
			);
			path = Model;
			sourceTree = "<group>";
		};
		F8A3F26E20978E0D001DC708 /* View */ = {
			isa = PBXGroup;
			children = (
				F8A3F26420978DC6001DC708 /* LaunchScreen.storyboard */,
			);
			path = View;
			sourceTree = "<group>";
		};
		F8A3F26F20978E19001DC708 /* Controller */ = {
			isa = PBXGroup;
			children = (
				F8A3F25B20978DC3001DC708 /* AppDelegate.swift */,
			);
			path = Controller;
			sourceTree = "<group>";
		};
		F8A3F27020978E40001DC708 /* Application */ = {
			isa = PBXGroup;
			children = (
				F8A3F26D20978DF2001DC708 /* Model */,
				F8A3F26E20978E0D001DC708 /* View */,
				F8A3F26F20978E19001DC708 /* Controller */,
				F8A3F27A2097945C001DC708 /* NetworkService */,
			);
			path = Application;
			sourceTree = "<group>";
		};
		F8A3F27120978E68001DC708 /* Comments */ = {
			isa = PBXGroup;
			children = (
				F8A3F27420978E87001DC708 /* Model */,
				F8A3F27320978E80001DC708 /* View */,
				F8A3F27220978E7A001DC708 /* Controller */,
				F8A3F27D20979729001DC708 /* CommentNetworkService */,
			);
			path = Comments;
			sourceTree = "<group>";
		};
		F8A3F27220978E7A001DC708 /* Controller */ = {
			isa = PBXGroup;
			children = (
				F8A3F25D20978DC3001DC708 /* CommentsViewController.swift */,
			);
			path = Controller;
			sourceTree = "<group>";
		};
		F8A3F27320978E80001DC708 /* View */ = {
			isa = PBXGroup;
			children = (
				F8A3F25F20978DC3001DC708 /* Comments.storyboard */,
				F8A3F27620979192001DC708 /* CommentCell.swift */,
			);
			path = View;
			sourceTree = "<group>";
		};
		F8A3F27420978E87001DC708 /* Model */ = {
			isa = PBXGroup;
			children = (
				F8A3F27820979288001DC708 /* Comment.swift */,
				F8A3F2802097986F001DC708 /* GetCommentResponse.swift */,
			);
			path = Model;
			sourceTree = "<group>";
		};
		F8A3F27520978EAE001DC708 /* Supporting files */ = {
			isa = PBXGroup;
			children = (
				F8A3F26220978DC6001DC708 /* Assets.xcassets */,
				F8A3F26720978DC6001DC708 /* Info.plist */,
			);
			path = "Supporting files";
			sourceTree = "<group>";
		};
		F8A3F27A2097945C001DC708 /* NetworkService */ = {
			isa = PBXGroup;
			children = (
				F8A3F27B20979491001DC708 /* NetworkService.swift */,
			);
			path = NetworkService;
			sourceTree = "<group>";
		};
		F8A3F27D20979729001DC708 /* CommentNetworkService */ = {
			isa = PBXGroup;
			children = (
				F8A3F27E2097975C001DC708 /* CommentNetworkService.swift */,
			);
			path = CommentNetworkService;
			sourceTree = "<group>";
		};
/* End PBXGroup section */

/* Begin PBXNativeTarget section */
		F8A3F25720978DC3001DC708 /* MVC-N */ = {
			isa = PBXNativeTarget;
			buildConfigurationList = F8A3F26A20978DC6001DC708 /* Build configuration list for PBXNativeTarget "MVC-N" */;
			buildPhases = (
				F8A3F25420978DC3001DC708 /* Sources */,
				F8A3F25520978DC3001DC708 /* Frameworks */,
				F8A3F25620978DC3001DC708 /* Resources */,
			);
			buildRules = (
			);
			dependencies = (
			);
			name = "MVC-N";
			productName = "MVC-N";
			productReference = F8A3F25820978DC3001DC708 /* MVC-N.app */;
			productType = "com.apple.product-type.application";
		};
/* End PBXNativeTarget section */

/* Begin PBXProject section */
		F8A3F25020978DC3001DC708 /* Project object */ = {
			isa = PBXProject;
			attributes = {
				LastSwiftUpdateCheck = 0930;
				LastUpgradeCheck = 0930;
				ORGANIZATIONNAME = "Ereskin Vladimir";
				TargetAttributes = {
					F8A3F25720978DC3001DC708 = {
						CreatedOnToolsVersion = 9.3;
					};
				};
			};
			buildConfigurationList = F8A3F25320978DC3001DC708 /* Build configuration list for PBXProject "MVC-N" */;
			compatibilityVersion = "Xcode 9.3";
			developmentRegion = en;
			hasScannedForEncodings = 0;
			knownRegions = (
				en,
				Base,
			);
			mainGroup = F8A3F24F20978DC3001DC708;
			productRefGroup = F8A3F25920978DC3001DC708 /* Products */;
			projectDirPath = "";
			projectRoot = "";
			targets = (
				F8A3F25720978DC3001DC708 /* MVC-N */,
			);
		};
/* End PBXProject section */

/* Begin PBXResourcesBuildPhase section */
		F8A3F25620978DC3001DC708 /* Resources */ = {
			isa = PBXResourcesBuildPhase;
			buildActionMask = 2147483647;
			files = (
				F8A3F26620978DC6001DC708 /* LaunchScreen.storyboard in Resources */,
				F8A3F26320978DC6001DC708 /* Assets.xcassets in Resources */,
				F8A3F26120978DC3001DC708 /* Comments.storyboard in Resources */,
			);
			runOnlyForDeploymentPostprocessing = 0;
		};
/* End PBXResourcesBuildPhase section */

/* Begin PBXSourcesBuildPhase section */
		F8A3F25420978DC3001DC708 /* Sources */ = {
			isa = PBXSourcesBuildPhase;
			buildActionMask = 2147483647;
			files = (
				F8A3F27C20979491001DC708 /* NetworkService.swift in Sources */,
				F8A3F25E20978DC3001DC708 /* CommentsViewController.swift in Sources */,
				F8A3F25C20978DC3001DC708 /* AppDelegate.swift in Sources */,
				F8A3F2812097986F001DC708 /* GetCommentResponse.swift in Sources */,
				F8A3F27720979192001DC708 /* CommentCell.swift in Sources */,
				F8A3F27F2097975C001DC708 /* CommentNetworkService.swift in Sources */,
				F8A3F27920979288001DC708 /* Comment.swift in Sources */,
			);
			runOnlyForDeploymentPostprocessing = 0;
		};
/* End PBXSourcesBuildPhase section */

/* Begin PBXVariantGroup section */
		F8A3F25F20978DC3001DC708 /* Comments.storyboard */ = {
			isa = PBXVariantGroup;
			children = (
				F8A3F26020978DC3001DC708 /* Base */,
			);
			name = Comments.storyboard;
			sourceTree = "<group>";
		};
		F8A3F26420978DC6001DC708 /* LaunchScreen.storyboard */ = {
			isa = PBXVariantGroup;
			children = (
				F8A3F26520978DC6001DC708 /* Base */,
			);
			name = LaunchScreen.storyboard;
			sourceTree = "<group>";
		};
/* End PBXVariantGroup section */

/* Begin XCBuildConfiguration section */
		F8A3F26820978DC6001DC708 /* Debug */ = {
			isa = XCBuildConfiguration;
			buildSettings = {
				ALWAYS_SEARCH_USER_PATHS = NO;
				CLANG_ANALYZER_NONNULL = YES;
				CLANG_ANALYZER_NUMBER_OBJECT_CONVERSION = YES_AGGRESSIVE;
				CLANG_CXX_LANGUAGE_STANDARD = "gnu++14";
				CLANG_CXX_LIBRARY = "libc++";
				CLANG_ENABLE_MODULES = YES;
				CLANG_ENABLE_OBJC_ARC = YES;
				CLANG_ENABLE_OBJC_WEAK = YES;
				CLANG_WARN_BLOCK_CAPTURE_AUTORELEASING = YES;
				CLANG_WARN_BOOL_CONVERSION = YES;
				CLANG_WARN_COMMA = YES;
				CLANG_WARN_CONSTANT_CONVERSION = YES;
				CLANG_WARN_DEPRECATED_OBJC_IMPLEMENTATIONS = YES;
				CLANG_WARN_DIRECT_OBJC_ISA_USAGE = YES_ERROR;
				CLANG_WARN_DOCUMENTATION_COMMENTS = YES;
				CLANG_WARN_EMPTY_BODY = YES;
				CLANG_WARN_ENUM_CONVERSION = YES;
				CLANG_WARN_INFINITE_RECURSION = YES;
				CLANG_WARN_INT_CONVERSION = YES;
				CLANG_WARN_NON_LITERAL_NULL_CONVERSION = YES;
				CLANG_WARN_OBJC_IMPLICIT_RETAIN_SELF = YES;
				CLANG_WARN_OBJC_LITERAL_CONVERSION = YES;
				CLANG_WARN_OBJC_ROOT_CLASS = YES_ERROR;
				CLANG_WARN_RANGE_LOOP_ANALYSIS = YES;
				CLANG_WARN_STRICT_PROTOTYPES = YES;
				CLANG_WARN_SUSPICIOUS_MOVE = YES;
				CLANG_WARN_UNGUARDED_AVAILABILITY = YES_AGGRESSIVE;
				CLANG_WARN_UNREACHABLE_CODE = YES;
				CLANG_WARN__DUPLICATE_METHOD_MATCH = YES;
				CODE_SIGN_IDENTITY = "iPhone Developer";
				COPY_PHASE_STRIP = NO;
				DEBUG_INFORMATION_FORMAT = dwarf;
				ENABLE_STRICT_OBJC_MSGSEND = YES;
				ENABLE_TESTABILITY = YES;
				GCC_C_LANGUAGE_STANDARD = gnu11;
				GCC_DYNAMIC_NO_PIC = NO;
				GCC_NO_COMMON_BLOCKS = YES;
				GCC_OPTIMIZATION_LEVEL = 0;
				GCC_PREPROCESSOR_DEFINITIONS = (
					"DEBUG=1",
					"$(inherited)",
				);
				GCC_WARN_64_TO_32_BIT_CONVERSION = YES;
				GCC_WARN_ABOUT_RETURN_TYPE = YES_ERROR;
				GCC_WARN_UNDECLARED_SELECTOR = YES;
				GCC_WARN_UNINITIALIZED_AUTOS = YES_AGGRESSIVE;
				GCC_WARN_UNUSED_FUNCTION = YES;
				GCC_WARN_UNUSED_VARIABLE = YES;
				IPHONEOS_DEPLOYMENT_TARGET = 11.3;
				MTL_ENABLE_DEBUG_INFO = YES;
				ONLY_ACTIVE_ARCH = YES;
				SDKROOT = iphoneos;
				SWIFT_ACTIVE_COMPILATION_CONDITIONS = DEBUG;
				SWIFT_OPTIMIZATION_LEVEL = "-Onone";
			};
			name = Debug;
		};
		F8A3F26920978DC6001DC708 /* Release */ = {
			isa = XCBuildConfiguration;
			buildSettings = {
				ALWAYS_SEARCH_USER_PATHS = NO;
				CLANG_ANALYZER_NONNULL = YES;
				CLANG_ANALYZER_NUMBER_OBJECT_CONVERSION = YES_AGGRESSIVE;
				CLANG_CXX_LANGUAGE_STANDARD = "gnu++14";
				CLANG_CXX_LIBRARY = "libc++";
				CLANG_ENABLE_MODULES = YES;
				CLANG_ENABLE_OBJC_ARC = YES;
				CLANG_ENABLE_OBJC_WEAK = YES;
				CLANG_WARN_BLOCK_CAPTURE_AUTORELEASING = YES;
				CLANG_WARN_BOOL_CONVERSION = YES;
				CLANG_WARN_COMMA = YES;
				CLANG_WARN_CONSTANT_CONVERSION = YES;
				CLANG_WARN_DEPRECATED_OBJC_IMPLEMENTATIONS = YES;
				CLANG_WARN_DIRECT_OBJC_ISA_USAGE = YES_ERROR;
				CLANG_WARN_DOCUMENTATION_COMMENTS = YES;
				CLANG_WARN_EMPTY_BODY = YES;
				CLANG_WARN_ENUM_CONVERSION = YES;
				CLANG_WARN_INFINITE_RECURSION = YES;
				CLANG_WARN_INT_CONVERSION = YES;
				CLANG_WARN_NON_LITERAL_NULL_CONVERSION = YES;
				CLANG_WARN_OBJC_IMPLICIT_RETAIN_SELF = YES;
				CLANG_WARN_OBJC_LITERAL_CONVERSION = YES;
				CLANG_WARN_OBJC_ROOT_CLASS = YES_ERROR;
				CLANG_WARN_RANGE_LOOP_ANALYSIS = YES;
				CLANG_WARN_STRICT_PROTOTYPES = YES;
				CLANG_WARN_SUSPICIOUS_MOVE = YES;
				CLANG_WARN_UNGUARDED_AVAILABILITY = YES_AGGRESSIVE;
				CLANG_WARN_UNREACHABLE_CODE = YES;
				CLANG_WARN__DUPLICATE_METHOD_MATCH = YES;
				CODE_SIGN_IDENTITY = "iPhone Developer";
				COPY_PHASE_STRIP = NO;
				DEBUG_INFORMATION_FORMAT = "dwarf-with-dsym";
				ENABLE_NS_ASSERTIONS = NO;
				ENABLE_STRICT_OBJC_MSGSEND = YES;
				GCC_C_LANGUAGE_STANDARD = gnu11;
				GCC_NO_COMMON_BLOCKS = YES;
				GCC_WARN_64_TO_32_BIT_CONVERSION = YES;
				GCC_WARN_ABOUT_RETURN_TYPE = YES_ERROR;
				GCC_WARN_UNDECLARED_SELECTOR = YES;
				GCC_WARN_UNINITIALIZED_AUTOS = YES_AGGRESSIVE;
				GCC_WARN_UNUSED_FUNCTION = YES;
				GCC_WARN_UNUSED_VARIABLE = YES;
				IPHONEOS_DEPLOYMENT_TARGET = 11.3;
				MTL_ENABLE_DEBUG_INFO = NO;
				SDKROOT = iphoneos;
				SWIFT_COMPILATION_MODE = wholemodule;
				SWIFT_OPTIMIZATION_LEVEL = "-O";
				VALIDATE_PRODUCT = YES;
			};
			name = Release;
		};
		F8A3F26B20978DC6001DC708 /* Debug */ = {
			isa = XCBuildConfiguration;
			buildSettings = {
				ASSETCATALOG_COMPILER_APPICON_NAME = AppIcon;
				CODE_SIGN_STYLE = Automatic;
				DEVELOPMENT_TEAM = FE5WRLEXRE;
				INFOPLIST_FILE = "$(SRCROOT)/MVC-N/Supporting files/Info.plist";
				LD_RUNPATH_SEARCH_PATHS = (
					"$(inherited)",
					"@executable_path/Frameworks",
				);
				PRODUCT_BUNDLE_IDENTIFIER = "ru.ereskinva.MVC-N";
				PRODUCT_NAME = "$(TARGET_NAME)";
				SWIFT_VERSION = 4.0;
				TARGETED_DEVICE_FAMILY = "1,2";
			};
			name = Debug;
		};
		F8A3F26C20978DC6001DC708 /* Release */ = {
			isa = XCBuildConfiguration;
			buildSettings = {
				ASSETCATALOG_COMPILER_APPICON_NAME = AppIcon;
				CODE_SIGN_STYLE = Automatic;
				DEVELOPMENT_TEAM = FE5WRLEXRE;
				INFOPLIST_FILE = "$(SRCROOT)/MVC-N/Supporting files/Info.plist";
				LD_RUNPATH_SEARCH_PATHS = (
					"$(inherited)",
					"@executable_path/Frameworks",
				);
				PRODUCT_BUNDLE_IDENTIFIER = "ru.ereskinva.MVC-N";
				PRODUCT_NAME = "$(TARGET_NAME)";
				SWIFT_VERSION = 4.0;
				TARGETED_DEVICE_FAMILY = "1,2";
			};
			name = Release;
		};
/* End XCBuildConfiguration section */

/* Begin XCConfigurationList section */
		F8A3F25320978DC3001DC708 /* Build configuration list for PBXProject "MVC-N" */ = {
			isa = XCConfigurationList;
			buildConfigurations = (
				F8A3F26820978DC6001DC708 /* Debug */,
				F8A3F26920978DC6001DC708 /* Release */,
			);
			defaultConfigurationIsVisible = 0;
			defaultConfigurationName = Release;
		};
		F8A3F26A20978DC6001DC708 /* Build configuration list for PBXNativeTarget "MVC-N" */ = {
			isa = XCConfigurationList;
			buildConfigurations = (
				F8A3F26B20978DC6001DC708 /* Debug */,
				F8A3F26C20978DC6001DC708 /* Release */,
			);
			defaultConfigurationIsVisible = 0;
			defaultConfigurationName = Release;
		};
/* End XCConfigurationList section */
	};
	rootObject = F8A3F25020978DC3001DC708 /* Project object */;
}
